// !$*UTF8*$!
{
	archiveVersion = 1;
	classes = {
	};
	objectVersion = 50;
	objects = {

/* Begin PBXBuildFile section */
		1F925506710DDD986DD0E8A2 /* libPods-GPUImageUITests.a in Frameworks */ = {isa = PBXBuildFile; fileRef = FB962FF07D9BF4FE23A29284 /* libPods-GPUImageUITests.a */; };
		8CD22D6111011B17036A9C42 /* libPods-GPUImage.a in Frameworks */ = {isa = PBXBuildFile; fileRef = CB941BD88B53DFF21B57852D /* libPods-GPUImage.a */; };
		8D961B2A20F3455C002B07C8 /* AppDelegate.m in Sources */ = {isa = PBXBuildFile; fileRef = 8D961B2920F3455C002B07C8 /* AppDelegate.m */; };
		8D961B2D20F3455C002B07C8 /* ViewController.m in Sources */ = {isa = PBXBuildFile; fileRef = 8D961B2C20F3455C002B07C8 /* ViewController.m */; };
		8D961B3020F3455C002B07C8 /* Main.storyboard in Resources */ = {isa = PBXBuildFile; fileRef = 8D961B2E20F3455C002B07C8 /* Main.storyboard */; };
		8D961B3220F3455E002B07C8 /* Assets.xcassets in Resources */ = {isa = PBXBuildFile; fileRef = 8D961B3120F3455E002B07C8 /* Assets.xcassets */; };
		8D961B3520F3455E002B07C8 /* LaunchScreen.storyboard in Resources */ = {isa = PBXBuildFile; fileRef = 8D961B3320F3455E002B07C8 /* LaunchScreen.storyboard */; };
		8D961B3820F3455E002B07C8 /* main.m in Sources */ = {isa = PBXBuildFile; fileRef = 8D961B3720F3455E002B07C8 /* main.m */; };
		8D961B4220F3455E002B07C8 /* GPUImageTests.m in Sources */ = {isa = PBXBuildFile; fileRef = 8D961B4120F3455E002B07C8 /* GPUImageTests.m */; };
		8D961B4D20F3455E002B07C8 /* GPUImageUITests.m in Sources */ = {isa = PBXBuildFile; fileRef = 8D961B4C20F3455E002B07C8 /* GPUImageUITests.m */; };
		8D961B6320F3583A002B07C8 /* SimpleVideoFilterViewController.m in Sources */ = {isa = PBXBuildFile; fileRef = 8D961B6220F3583A002B07C8 /* SimpleVideoFilterViewController.m */; };
		8D961B6620F35896002B07C8 /* FilterBaseViewController.m in Sources */ = {isa = PBXBuildFile; fileRef = 8D961B6520F35896002B07C8 /* FilterBaseViewController.m */; };
		9A3C622C294E66F630FBDB0C /* libPods-GPUImageTests.a in Frameworks */ = {isa = PBXBuildFile; fileRef = E24332BD351C5446DE9FC208 /* libPods-GPUImageTests.a */; };
/* End PBXBuildFile section */

/* Begin PBXContainerItemProxy section */
		8D961B3E20F3455E002B07C8 /* PBXContainerItemProxy */ = {
			isa = PBXContainerItemProxy;
			containerPortal = 8D961B1D20F3455C002B07C8 /* Project object */;
			proxyType = 1;
			remoteGlobalIDString = 8D961B2420F3455C002B07C8;
			remoteInfo = GPUImage;
		};
		8D961B4920F3455E002B07C8 /* PBXContainerItemProxy */ = {
			isa = PBXContainerItemProxy;
			containerPortal = 8D961B1D20F3455C002B07C8 /* Project object */;
			proxyType = 1;
			remoteGlobalIDString = 8D961B2420F3455C002B07C8;
			remoteInfo = GPUImage;
		};
/* End PBXContainerItemProxy section */

/* Begin PBXFileReference section */
		2909079C8C2AC1FEF4A745C8 /* Pods-GPUImageUITests.release.xcconfig */ = {isa = PBXFileReference; includeInIndex = 1; lastKnownFileType = text.xcconfig; name = "Pods-GPUImageUITests.release.xcconfig"; path = "Pods/Target Support Files/Pods-GPUImageUITests/Pods-GPUImageUITests.release.xcconfig"; sourceTree = "<group>"; };
		334C751CEF5DF8FA9D9E0550 /* Pods-GPUImageTests.debug.xcconfig */ = {isa = PBXFileReference; includeInIndex = 1; lastKnownFileType = text.xcconfig; name = "Pods-GPUImageTests.debug.xcconfig"; path = "Pods/Target Support Files/Pods-GPUImageTests/Pods-GPUImageTests.debug.xcconfig"; sourceTree = "<group>"; };
		38413F5EE880E323344F6D77 /* Pods-GPUImage.release.xcconfig */ = {isa = PBXFileReference; includeInIndex = 1; lastKnownFileType = text.xcconfig; name = "Pods-GPUImage.release.xcconfig"; path = "Pods/Target Support Files/Pods-GPUImage/Pods-GPUImage.release.xcconfig"; sourceTree = "<group>"; };
		6B39E552640A9BCB3B84A172 /* Pods-GPUImageTests.release.xcconfig */ = {isa = PBXFileReference; includeInIndex = 1; lastKnownFileType = text.xcconfig; name = "Pods-GPUImageTests.release.xcconfig"; path = "Pods/Target Support Files/Pods-GPUImageTests/Pods-GPUImageTests.release.xcconfig"; sourceTree = "<group>"; };
		6FDB8892BD24D40A9AB57E6E /* Pods-GPUImageUITests.debug.xcconfig */ = {isa = PBXFileReference; includeInIndex = 1; lastKnownFileType = text.xcconfig; name = "Pods-GPUImageUITests.debug.xcconfig"; path = "Pods/Target Support Files/Pods-GPUImageUITests/Pods-GPUImageUITests.debug.xcconfig"; sourceTree = "<group>"; };
		8D961B2520F3455C002B07C8 /* GPUImage.app */ = {isa = PBXFileReference; explicitFileType = wrapper.application; includeInIndex = 0; path = GPUImage.app; sourceTree = BUILT_PRODUCTS_DIR; };
		8D961B2820F3455C002B07C8 /* AppDelegate.h */ = {isa = PBXFileReference; lastKnownFileType = sourcecode.c.h; path = AppDelegate.h; sourceTree = "<group>"; };
		8D961B2920F3455C002B07C8 /* AppDelegate.m */ = {isa = PBXFileReference; lastKnownFileType = sourcecode.c.objc; path = AppDelegate.m; sourceTree = "<group>"; };
		8D961B2B20F3455C002B07C8 /* ViewController.h */ = {isa = PBXFileReference; lastKnownFileType = sourcecode.c.h; path = ViewController.h; sourceTree = "<group>"; };
		8D961B2C20F3455C002B07C8 /* ViewController.m */ = {isa = PBXFileReference; lastKnownFileType = sourcecode.c.objc; path = ViewController.m; sourceTree = "<group>"; };
		8D961B2F20F3455C002B07C8 /* Base */ = {isa = PBXFileReference; lastKnownFileType = file.storyboard; name = Base; path = Base.lproj/Main.storyboard; sourceTree = "<group>"; };
		8D961B3120F3455E002B07C8 /* Assets.xcassets */ = {isa = PBXFileReference; lastKnownFileType = folder.assetcatalog; path = Assets.xcassets; sourceTree = "<group>"; };
		8D961B3420F3455E002B07C8 /* Base */ = {isa = PBXFileReference; lastKnownFileType = file.storyboard; name = Base; path = Base.lproj/LaunchScreen.storyboard; sourceTree = "<group>"; };
		8D961B3620F3455E002B07C8 /* Info.plist */ = {isa = PBXFileReference; lastKnownFileType = text.plist.xml; path = Info.plist; sourceTree = "<group>"; };
		8D961B3720F3455E002B07C8 /* main.m */ = {isa = PBXFileReference; lastKnownFileType = sourcecode.c.objc; path = main.m; sourceTree = "<group>"; };
		8D961B3D20F3455E002B07C8 /* GPUImageTests.xctest */ = {isa = PBXFileReference; explicitFileType = wrapper.cfbundle; includeInIndex = 0; path = GPUImageTests.xctest; sourceTree = BUILT_PRODUCTS_DIR; };
		8D961B4120F3455E002B07C8 /* GPUImageTests.m */ = {isa = PBXFileReference; lastKnownFileType = sourcecode.c.objc; path = GPUImageTests.m; sourceTree = "<group>"; };
		8D961B4320F3455E002B07C8 /* Info.plist */ = {isa = PBXFileReference; lastKnownFileType = text.plist.xml; path = Info.plist; sourceTree = "<group>"; };
		8D961B4820F3455E002B07C8 /* GPUImageUITests.xctest */ = {isa = PBXFileReference; explicitFileType = wrapper.cfbundle; includeInIndex = 0; path = GPUImageUITests.xctest; sourceTree = BUILT_PRODUCTS_DIR; };
		8D961B4C20F3455E002B07C8 /* GPUImageUITests.m */ = {isa = PBXFileReference; lastKnownFileType = sourcecode.c.objc; path = GPUImageUITests.m; sourceTree = "<group>"; };
		8D961B4E20F3455E002B07C8 /* Info.plist */ = {isa = PBXFileReference; lastKnownFileType = text.plist.xml; path = Info.plist; sourceTree = "<group>"; };
		8D961B6120F3583A002B07C8 /* SimpleVideoFilterViewController.h */ = {isa = PBXFileReference; lastKnownFileType = sourcecode.c.h; path = SimpleVideoFilterViewController.h; sourceTree = "<group>"; };
		8D961B6220F3583A002B07C8 /* SimpleVideoFilterViewController.m */ = {isa = PBXFileReference; lastKnownFileType = sourcecode.c.objc; path = SimpleVideoFilterViewController.m; sourceTree = "<group>"; };
		8D961B6420F35896002B07C8 /* FilterBaseViewController.h */ = {isa = PBXFileReference; lastKnownFileType = sourcecode.c.h; path = FilterBaseViewController.h; sourceTree = "<group>"; };
		8D961B6520F35896002B07C8 /* FilterBaseViewController.m */ = {isa = PBXFileReference; lastKnownFileType = sourcecode.c.objc; path = FilterBaseViewController.m; sourceTree = "<group>"; };
		CB941BD88B53DFF21B57852D /* libPods-GPUImage.a */ = {isa = PBXFileReference; explicitFileType = archive.ar; includeInIndex = 0; path = "libPods-GPUImage.a"; sourceTree = BUILT_PRODUCTS_DIR; };
		E24332BD351C5446DE9FC208 /* libPods-GPUImageTests.a */ = {isa = PBXFileReference; explicitFileType = archive.ar; includeInIndex = 0; path = "libPods-GPUImageTests.a"; sourceTree = BUILT_PRODUCTS_DIR; };
		EFBF50E86D899E06ADD5D859 /* Pods-GPUImage.debug.xcconfig */ = {isa = PBXFileReference; includeInIndex = 1; lastKnownFileType = text.xcconfig; name = "Pods-GPUImage.debug.xcconfig"; path = "Pods/Target Support Files/Pods-GPUImage/Pods-GPUImage.debug.xcconfig"; sourceTree = "<group>"; };
		FB962FF07D9BF4FE23A29284 /* libPods-GPUImageUITests.a */ = {isa = PBXFileReference; explicitFileType = archive.ar; includeInIndex = 0; path = "libPods-GPUImageUITests.a"; sourceTree = BUILT_PRODUCTS_DIR; };
/* End PBXFileReference section */

/* Begin PBXFrameworksBuildPhase section */
		8D961B2220F3455C002B07C8 /* Frameworks */ = {
			isa = PBXFrameworksBuildPhase;
			buildActionMask = 2147483647;
			files = (
				8CD22D6111011B17036A9C42 /* libPods-GPUImage.a in Frameworks */,
			);
			runOnlyForDeploymentPostprocessing = 0;
		};
		8D961B3A20F3455E002B07C8 /* Frameworks */ = {
			isa = PBXFrameworksBuildPhase;
			buildActionMask = 2147483647;
			files = (
				9A3C622C294E66F630FBDB0C /* libPods-GPUImageTests.a in Frameworks */,
			);
			runOnlyForDeploymentPostprocessing = 0;
		};
		8D961B4520F3455E002B07C8 /* Frameworks */ = {
			isa = PBXFrameworksBuildPhase;
			buildActionMask = 2147483647;
			files = (
				1F925506710DDD986DD0E8A2 /* libPods-GPUImageUITests.a in Frameworks */,
			);
			runOnlyForDeploymentPostprocessing = 0;
		};
/* End PBXFrameworksBuildPhase section */

/* Begin PBXGroup section */
		085E1B12E49779675A295ED0 /* Pods */ = {
			isa = PBXGroup;
			children = (
				EFBF50E86D899E06ADD5D859 /* Pods-GPUImage.debug.xcconfig */,
				38413F5EE880E323344F6D77 /* Pods-GPUImage.release.xcconfig */,
				334C751CEF5DF8FA9D9E0550 /* Pods-GPUImageTests.debug.xcconfig */,
				6B39E552640A9BCB3B84A172 /* Pods-GPUImageTests.release.xcconfig */,
				6FDB8892BD24D40A9AB57E6E /* Pods-GPUImageUITests.debug.xcconfig */,
				2909079C8C2AC1FEF4A745C8 /* Pods-GPUImageUITests.release.xcconfig */,
			);
			name = Pods;
			sourceTree = "<group>";
		};
		2AC0D91C50633A4EAABF2C65 /* Frameworks */ = {
			isa = PBXGroup;
			children = (
				CB941BD88B53DFF21B57852D /* libPods-GPUImage.a */,
				E24332BD351C5446DE9FC208 /* libPods-GPUImageTests.a */,
				FB962FF07D9BF4FE23A29284 /* libPods-GPUImageUITests.a */,
			);
			name = Frameworks;
			sourceTree = "<group>";
		};
		8D961B1C20F3455C002B07C8 = {
			isa = PBXGroup;
			children = (
				8D961B2720F3455C002B07C8 /* GPUImage */,
				8D961B4020F3455E002B07C8 /* GPUImageTests */,
				8D961B4B20F3455E002B07C8 /* GPUImageUITests */,
				8D961B2620F3455C002B07C8 /* Products */,
				085E1B12E49779675A295ED0 /* Pods */,
				2AC0D91C50633A4EAABF2C65 /* Frameworks */,
			);
			sourceTree = "<group>";
		};
		8D961B2620F3455C002B07C8 /* Products */ = {
			isa = PBXGroup;
			children = (
				8D961B2520F3455C002B07C8 /* GPUImage.app */,
				8D961B3D20F3455E002B07C8 /* GPUImageTests.xctest */,
				8D961B4820F3455E002B07C8 /* GPUImageUITests.xctest */,
			);
			name = Products;
			sourceTree = "<group>";
		};
		8D961B2720F3455C002B07C8 /* GPUImage */ = {
			isa = PBXGroup;
			children = (
				8D961B5D20F3574A002B07C8 /* demoVC */,
				8D961B2820F3455C002B07C8 /* AppDelegate.h */,
				8D961B2920F3455C002B07C8 /* AppDelegate.m */,
				8D961B2B20F3455C002B07C8 /* ViewController.h */,
				8D961B2C20F3455C002B07C8 /* ViewController.m */,
				8D961B2E20F3455C002B07C8 /* Main.storyboard */,
				8D961B3120F3455E002B07C8 /* Assets.xcassets */,
				8D961B3320F3455E002B07C8 /* LaunchScreen.storyboard */,
				8D961B3620F3455E002B07C8 /* Info.plist */,
				8D961B3720F3455E002B07C8 /* main.m */,
			);
			path = GPUImage;
			sourceTree = "<group>";
		};
		8D961B4020F3455E002B07C8 /* GPUImageTests */ = {
			isa = PBXGroup;
			children = (
				8D961B4120F3455E002B07C8 /* GPUImageTests.m */,
				8D961B4320F3455E002B07C8 /* Info.plist */,
			);
			path = GPUImageTests;
			sourceTree = "<group>";
		};
		8D961B4B20F3455E002B07C8 /* GPUImageUITests */ = {
			isa = PBXGroup;
			children = (
				8D961B4C20F3455E002B07C8 /* GPUImageUITests.m */,
				8D961B4E20F3455E002B07C8 /* Info.plist */,
			);
			path = GPUImageUITests;
			sourceTree = "<group>";
		};
		8D961B5D20F3574A002B07C8 /* demoVC */ = {
			isa = PBXGroup;
			children = (
				8D961B6120F3583A002B07C8 /* SimpleVideoFilterViewController.h */,
				8D961B6220F3583A002B07C8 /* SimpleVideoFilterViewController.m */,
				8D961B6420F35896002B07C8 /* FilterBaseViewController.h */,
				8D961B6520F35896002B07C8 /* FilterBaseViewController.m */,
			);
			path = demoVC;
			sourceTree = "<group>";
		};
/* End PBXGroup section */

/* Begin PBXNativeTarget section */
		8D961B2420F3455C002B07C8 /* GPUImage */ = {
			isa = PBXNativeTarget;
			buildConfigurationList = 8D961B5120F3455E002B07C8 /* Build configuration list for PBXNativeTarget "GPUImage" */;
			buildPhases = (
				E36AF119F880350CBE8D9E33 /* [CP] Check Pods Manifest.lock */,
				8D961B2120F3455C002B07C8 /* Sources */,
				8D961B2220F3455C002B07C8 /* Frameworks */,
				8D961B2320F3455C002B07C8 /* Resources */,
				E449A054C99A99975DDB884A /* [CP] Copy Pods Resources */,
			);
			buildRules = (
			);
			dependencies = (
			);
			name = GPUImage;
			productName = GPUImage;
			productReference = 8D961B2520F3455C002B07C8 /* GPUImage.app */;
			productType = "com.apple.product-type.application";
		};
		8D961B3C20F3455E002B07C8 /* GPUImageTests */ = {
			isa = PBXNativeTarget;
			buildConfigurationList = 8D961B5420F3455E002B07C8 /* Build configuration list for PBXNativeTarget "GPUImageTests" */;
			buildPhases = (
				D420BD7EBBF06BF197FFBDBE /* [CP] Check Pods Manifest.lock */,
				8D961B3920F3455E002B07C8 /* Sources */,
				8D961B3A20F3455E002B07C8 /* Frameworks */,
				8D961B3B20F3455E002B07C8 /* Resources */,
			);
			buildRules = (
			);
			dependencies = (
				8D961B3F20F3455E002B07C8 /* PBXTargetDependency */,
			);
			name = GPUImageTests;
			productName = GPUImageTests;
			productReference = 8D961B3D20F3455E002B07C8 /* GPUImageTests.xctest */;
			productType = "com.apple.product-type.bundle.unit-test";
		};
		8D961B4720F3455E002B07C8 /* GPUImageUITests */ = {
			isa = PBXNativeTarget;
			buildConfigurationList = 8D961B5720F3455E002B07C8 /* Build configuration list for PBXNativeTarget "GPUImageUITests" */;
			buildPhases = (
				77B542A54285F8664B0F5535 /* [CP] Check Pods Manifest.lock */,
				8D961B4420F3455E002B07C8 /* Sources */,
				8D961B4520F3455E002B07C8 /* Frameworks */,
				8D961B4620F3455E002B07C8 /* Resources */,
			);
			buildRules = (
			);
			dependencies = (
				8D961B4A20F3455E002B07C8 /* PBXTargetDependency */,
			);
			name = GPUImageUITests;
			productName = GPUImageUITests;
			productReference = 8D961B4820F3455E002B07C8 /* GPUImageUITests.xctest */;
			productType = "com.apple.product-type.bundle.ui-testing";
		};
/* End PBXNativeTarget section */

/* Begin PBXProject section */
		8D961B1D20F3455C002B07C8 /* Project object */ = {
			isa = PBXProject;
			attributes = {
				LastUpgradeCheck = 0930;
				ORGANIZATIONNAME = sun;
				TargetAttributes = {
					8D961B2420F3455C002B07C8 = {
						CreatedOnToolsVersion = 9.3.1;
					};
					8D961B3C20F3455E002B07C8 = {
						CreatedOnToolsVersion = 9.3.1;
						TestTargetID = 8D961B2420F3455C002B07C8;
					};
					8D961B4720F3455E002B07C8 = {
						CreatedOnToolsVersion = 9.3.1;
						TestTargetID = 8D961B2420F3455C002B07C8;
					};
				};
			};
			buildConfigurationList = 8D961B2020F3455C002B07C8 /* Build configuration list for PBXProject "GPUImage" */;
			compatibilityVersion = "Xcode 9.3";
			developmentRegion = en;
			hasScannedForEncodings = 0;
			knownRegions = (
				en,
				Base,
			);
			mainGroup = 8D961B1C20F3455C002B07C8;
			productRefGroup = 8D961B2620F3455C002B07C8 /* Products */;
			projectDirPath = "";
			projectRoot = "";
			targets = (
				8D961B2420F3455C002B07C8 /* GPUImage */,
				8D961B3C20F3455E002B07C8 /* GPUImageTests */,
				8D961B4720F3455E002B07C8 /* GPUImageUITests */,
			);
		};
/* End PBXProject section */

/* Begin PBXResourcesBuildPhase section */
		8D961B2320F3455C002B07C8 /* Resources */ = {
			isa = PBXResourcesBuildPhase;
			buildActionMask = 2147483647;
			files = (
				8D961B3520F3455E002B07C8 /* LaunchScreen.storyboard in Resources */,
				8D961B3220F3455E002B07C8 /* Assets.xcassets in Resources */,
				8D961B3020F3455C002B07C8 /* Main.storyboard in Resources */,
			);
			runOnlyForDeploymentPostprocessing = 0;
		};
		8D961B3B20F3455E002B07C8 /* Resources */ = {
			isa = PBXResourcesBuildPhase;
			buildActionMask = 2147483647;
			files = (
			);
			runOnlyForDeploymentPostprocessing = 0;
		};
		8D961B4620F3455E002B07C8 /* Resources */ = {
			isa = PBXResourcesBuildPhase;
			buildActionMask = 2147483647;
			files = (
			);
			runOnlyForDeploymentPostprocessing = 0;
		};
/* End PBXResourcesBuildPhase section */

/* Begin PBXShellScriptBuildPhase section */
		77B542A54285F8664B0F5535 /* [CP] Check Pods Manifest.lock */ = {
			isa = PBXShellScriptBuildPhase;
			buildActionMask = 2147483647;
			files = (
			);
			inputPaths = (
				"${PODS_PODFILE_DIR_PATH}/Podfile.lock",
				"${PODS_ROOT}/Manifest.lock",
			);
			name = "[CP] Check Pods Manifest.lock";
			outputPaths = (
				"$(DERIVED_FILE_DIR)/Pods-GPUImageUITests-checkManifestLockResult.txt",
			);
			runOnlyForDeploymentPostprocessing = 0;
			shellPath = /bin/sh;
			shellScript = "diff \"${PODS_PODFILE_DIR_PATH}/Podfile.lock\" \"${PODS_ROOT}/Manifest.lock\" > /dev/null\nif [ $? != 0 ] ; then\n    # print error to STDERR\n    echo \"error: The sandbox is not in sync with the Podfile.lock. Run 'pod install' or update your CocoaPods installation.\" >&2\n    exit 1\nfi\n# This output is used by Xcode 'outputs' to avoid re-running this script phase.\necho \"SUCCESS\" > \"${SCRIPT_OUTPUT_FILE_0}\"\n";
			showEnvVarsInLog = 0;
		};
		D420BD7EBBF06BF197FFBDBE /* [CP] Check Pods Manifest.lock */ = {
			isa = PBXShellScriptBuildPhase;
			buildActionMask = 2147483647;
			files = (
			);
			inputPaths = (
				"${PODS_PODFILE_DIR_PATH}/Podfile.lock",
				"${PODS_ROOT}/Manifest.lock",
			);
			name = "[CP] Check Pods Manifest.lock";
			outputPaths = (
				"$(DERIVED_FILE_DIR)/Pods-GPUImageTests-checkManifestLockResult.txt",
			);
			runOnlyForDeploymentPostprocessing = 0;
			shellPath = /bin/sh;
			shellScript = "diff \"${PODS_PODFILE_DIR_PATH}/Podfile.lock\" \"${PODS_ROOT}/Manifest.lock\" > /dev/null\nif [ $? != 0 ] ; then\n    # print error to STDERR\n    echo \"error: The sandbox is not in sync with the Podfile.lock. Run 'pod install' or update your CocoaPods installation.\" >&2\n    exit 1\nfi\n# This output is used by Xcode 'outputs' to avoid re-running this script phase.\necho \"SUCCESS\" > \"${SCRIPT_OUTPUT_FILE_0}\"\n";
			showEnvVarsInLog = 0;
		};
		E36AF119F880350CBE8D9E33 /* [CP] Check Pods Manifest.lock */ = {
			isa = PBXShellScriptBuildPhase;
			buildActionMask = 2147483647;
			files = (
			);
			inputPaths = (
				"${PODS_PODFILE_DIR_PATH}/Podfile.lock",
				"${PODS_ROOT}/Manifest.lock",
			);
			name = "[CP] Check Pods Manifest.lock";
			outputPaths = (
				"$(DERIVED_FILE_DIR)/Pods-GPUImage-checkManifestLockResult.txt",
			);
			runOnlyForDeploymentPostprocessing = 0;
			shellPath = /bin/sh;
			shellScript = "diff \"${PODS_PODFILE_DIR_PATH}/Podfile.lock\" \"${PODS_ROOT}/Manifest.lock\" > /dev/null\nif [ $? != 0 ] ; then\n    # print error to STDERR\n    echo \"error: The sandbox is not in sync with the Podfile.lock. Run 'pod install' or update your CocoaPods installation.\" >&2\n    exit 1\nfi\n# This output is used by Xcode 'outputs' to avoid re-running this script phase.\necho \"SUCCESS\" > \"${SCRIPT_OUTPUT_FILE_0}\"\n";
			showEnvVarsInLog = 0;
		};
		E449A054C99A99975DDB884A /* [CP] Copy Pods Resources */ = {
			isa = PBXShellScriptBuildPhase;
			buildActionMask = 2147483647;
			files = (
			);
			inputPaths = (
				"${SRCROOT}/Pods/Target Support Files/Pods-GPUImage/Pods-GPUImage-resources.sh",
				"${PODS_ROOT}/GPUImage/framework/Resources/lookup.png",
				"${PODS_ROOT}/GPUImage/framework/Resources/lookup_amatorka.png",
				"${PODS_ROOT}/GPUImage/framework/Resources/lookup_miss_etikate.png",
				"${PODS_ROOT}/GPUImage/framework/Resources/lookup_soft_elegance_1.png",
				"${PODS_ROOT}/GPUImage/framework/Resources/lookup_soft_elegance_2.png",
			);
			name = "[CP] Copy Pods Resources";
			outputPaths = (
				"${TARGET_BUILD_DIR}/${UNLOCALIZED_RESOURCES_FOLDER_PATH}/lookup.png",
				"${TARGET_BUILD_DIR}/${UNLOCALIZED_RESOURCES_FOLDER_PATH}/lookup_amatorka.png",
				"${TARGET_BUILD_DIR}/${UNLOCALIZED_RESOURCES_FOLDER_PATH}/lookup_miss_etikate.png",
				"${TARGET_BUILD_DIR}/${UNLOCALIZED_RESOURCES_FOLDER_PATH}/lookup_soft_elegance_1.png",
				"${TARGET_BUILD_DIR}/${UNLOCALIZED_RESOURCES_FOLDER_PATH}/lookup_soft_elegance_2.png",
			);
			runOnlyForDeploymentPostprocessing = 0;
			shellPath = /bin/sh;
			shellScript = "\"${SRCROOT}/Pods/Target Support Files/Pods-GPUImage/Pods-GPUImage-resources.sh\"\n";
			showEnvVarsInLog = 0;
		};
/* End PBXShellScriptBuildPhase section */

/* Begin PBXSourcesBuildPhase section */
		8D961B2120F3455C002B07C8 /* Sources */ = {
			isa = PBXSourcesBuildPhase;
			buildActionMask = 2147483647;
			files = (
				8D961B2D20F3455C002B07C8 /* ViewController.m in Sources */,
				8D961B6620F35896002B07C8 /* FilterBaseViewController.m in Sources */,
				8D961B3820F3455E002B07C8 /* main.m in Sources */,
				8D961B6320F3583A002B07C8 /* SimpleVideoFilterViewController.m in Sources */,
				8D961B2A20F3455C002B07C8 /* AppDelegate.m in Sources */,
			);
			runOnlyForDeploymentPostprocessing = 0;
		};
		8D961B3920F3455E002B07C8 /* Sources */ = {
			isa = PBXSourcesBuildPhase;
			buildActionMask = 2147483647;
			files = (
				8D961B4220F3455E002B07C8 /* GPUImageTests.m in Sources */,
			);
			runOnlyForDeploymentPostprocessing = 0;
		};
		8D961B4420F3455E002B07C8 /* Sources */ = {
			isa = PBXSourcesBuildPhase;
			buildActionMask = 2147483647;
			files = (
				8D961B4D20F3455E002B07C8 /* GPUImageUITests.m in Sources */,
			);
			runOnlyForDeploymentPostprocessing = 0;
		};
/* End PBXSourcesBuildPhase section */

/* Begin PBXTargetDependency section */
		8D961B3F20F3455E002B07C8 /* PBXTargetDependency */ = {
			isa = PBXTargetDependency;
			target = 8D961B2420F3455C002B07C8 /* GPUImage */;
			targetProxy = 8D961B3E20F3455E002B07C8 /* PBXContainerItemProxy */;
		};
		8D961B4A20F3455E002B07C8 /* PBXTargetDependency */ = {
			isa = PBXTargetDependency;
			target = 8D961B2420F3455C002B07C8 /* GPUImage */;
			targetProxy = 8D961B4920F3455E002B07C8 /* PBXContainerItemProxy */;
		};
/* End PBXTargetDependency section */

/* Begin PBXVariantGroup section */
		8D961B2E20F3455C002B07C8 /* Main.storyboard */ = {
			isa = PBXVariantGroup;
			children = (
				8D961B2F20F3455C002B07C8 /* Base */,
			);
			name = Main.storyboard;
			sourceTree = "<group>";
		};
		8D961B3320F3455E002B07C8 /* LaunchScreen.storyboard */ = {
			isa = PBXVariantGroup;
			children = (
				8D961B3420F3455E002B07C8 /* Base */,
			);
			name = LaunchScreen.storyboard;
			sourceTree = "<group>";
		};
/* End PBXVariantGroup section */

/* Begin XCBuildConfiguration section */
		8D961B4F20F3455E002B07C8 /* Debug */ = {
			isa = XCBuildConfiguration;
			buildSettings = {
				ALWAYS_SEARCH_USER_PATHS = NO;
				CLANG_ANALYZER_NONNULL = YES;
				CLANG_ANALYZER_NUMBER_OBJECT_CONVERSION = YES_AGGRESSIVE;
				CLANG_CXX_LANGUAGE_STANDARD = "gnu++14";
				CLANG_CXX_LIBRARY = "libc++";
				CLANG_ENABLE_MODULES = YES;
				CLANG_ENABLE_OBJC_ARC = YES;
				CLANG_ENABLE_OBJC_WEAK = YES;
				CLANG_WARN_BLOCK_CAPTURE_AUTORELEASING = YES;
				CLANG_WARN_BOOL_CONVERSION = YES;
				CLANG_WARN_COMMA = YES;
				CLANG_WARN_CONSTANT_CONVERSION = YES;
				CLANG_WARN_DEPRECATED_OBJC_IMPLEMENTATIONS = YES;
				CLANG_WARN_DIRECT_OBJC_ISA_USAGE = YES_ERROR;
				CLANG_WARN_DOCUMENTATION_COMMENTS = YES;
				CLANG_WARN_EMPTY_BODY = YES;
				CLANG_WARN_ENUM_CONVERSION = YES;
				CLANG_WARN_INFINITE_RECURSION = YES;
				CLANG_WARN_INT_CONVERSION = YES;
				CLANG_WARN_NON_LITERAL_NULL_CONVERSION = YES;
				CLANG_WARN_OBJC_IMPLICIT_RETAIN_SELF = YES;
				CLANG_WARN_OBJC_LITERAL_CONVERSION = YES;
				CLANG_WARN_OBJC_ROOT_CLASS = YES_ERROR;
				CLANG_WARN_RANGE_LOOP_ANALYSIS = YES;
				CLANG_WARN_STRICT_PROTOTYPES = YES;
				CLANG_WARN_SUSPICIOUS_MOVE = YES;
				CLANG_WARN_UNGUARDED_AVAILABILITY = YES_AGGRESSIVE;
				CLANG_WARN_UNREACHABLE_CODE = YES;
				CLANG_WARN__DUPLICATE_METHOD_MATCH = YES;
				CODE_SIGN_IDENTITY = "iPhone Developer";
				COPY_PHASE_STRIP = NO;
				DEBUG_INFORMATION_FORMAT = dwarf;
				ENABLE_STRICT_OBJC_MSGSEND = YES;
				ENABLE_TESTABILITY = YES;
				GCC_C_LANGUAGE_STANDARD = gnu11;
				GCC_DYNAMIC_NO_PIC = NO;
				GCC_NO_COMMON_BLOCKS = YES;
				GCC_OPTIMIZATION_LEVEL = 0;
				GCC_PREPROCESSOR_DEFINITIONS = (
					"DEBUG=1",
					"$(inherited)",
				);
				GCC_WARN_64_TO_32_BIT_CONVERSION = YES;
				GCC_WARN_ABOUT_RETURN_TYPE = YES_ERROR;
				GCC_WARN_UNDECLARED_SELECTOR = YES;
				GCC_WARN_UNINITIALIZED_AUTOS = YES_AGGRESSIVE;
				GCC_WARN_UNUSED_FUNCTION = YES;
				GCC_WARN_UNUSED_VARIABLE = YES;
				IPHONEOS_DEPLOYMENT_TARGET = 11.3;
				MTL_ENABLE_DEBUG_INFO = YES;
				ONLY_ACTIVE_ARCH = YES;
				SDKROOT = iphoneos;
			};
			name = Debug;
		};
		8D961B5020F3455E002B07C8 /* Release */ = {
			isa = XCBuildConfiguration;
			buildSettings = {
				ALWAYS_SEARCH_USER_PATHS = NO;
				CLANG_ANALYZER_NONNULL = YES;
				CLANG_ANALYZER_NUMBER_OBJECT_CONVERSION = YES_AGGRESSIVE;
				CLANG_CXX_LANGUAGE_STANDARD = "gnu++14";
				CLANG_CXX_LIBRARY = "libc++";
				CLANG_ENABLE_MODULES = YES;
				CLANG_ENABLE_OBJC_ARC = YES;
				CLANG_ENABLE_OBJC_WEAK = YES;
				CLANG_WARN_BLOCK_CAPTURE_AUTORELEASING = YES;
				CLANG_WARN_BOOL_CONVERSION = YES;
				CLANG_WARN_COMMA = YES;
				CLANG_WARN_CONSTANT_CONVERSION = YES;
				CLANG_WARN_DEPRECATED_OBJC_IMPLEMENTATIONS = YES;
				CLANG_WARN_DIRECT_OBJC_ISA_USAGE = YES_ERROR;
				CLANG_WARN_DOCUMENTATION_COMMENTS = YES;
				CLANG_WARN_EMPTY_BODY = YES;
				CLANG_WARN_ENUM_CONVERSION = YES;
				CLANG_WARN_INFINITE_RECURSION = YES;
				CLANG_WARN_INT_CONVERSION = YES;
				CLANG_WARN_NON_LITERAL_NULL_CONVERSION = YES;
				CLANG_WARN_OBJC_IMPLICIT_RETAIN_SELF = YES;
				CLANG_WARN_OBJC_LITERAL_CONVERSION = YES;
				CLANG_WARN_OBJC_ROOT_CLASS = YES_ERROR;
				CLANG_WARN_RANGE_LOOP_ANALYSIS = YES;
				CLANG_WARN_STRICT_PROTOTYPES = YES;
				CLANG_WARN_SUSPICIOUS_MOVE = YES;
				CLANG_WARN_UNGUARDED_AVAILABILITY = YES_AGGRESSIVE;
				CLANG_WARN_UNREACHABLE_CODE = YES;
				CLANG_WARN__DUPLICATE_METHOD_MATCH = YES;
				CODE_SIGN_IDENTITY = "iPhone Developer";
				COPY_PHASE_STRIP = NO;
				DEBUG_INFORMATION_FORMAT = "dwarf-with-dsym";
				ENABLE_NS_ASSERTIONS = NO;
				ENABLE_STRICT_OBJC_MSGSEND = YES;
				GCC_C_LANGUAGE_STANDARD = gnu11;
				GCC_NO_COMMON_BLOCKS = YES;
				GCC_WARN_64_TO_32_BIT_CONVERSION = YES;
				GCC_WARN_ABOUT_RETURN_TYPE = YES_ERROR;
				GCC_WARN_UNDECLARED_SELECTOR = YES;
				GCC_WARN_UNINITIALIZED_AUTOS = YES_AGGRESSIVE;
				GCC_WARN_UNUSED_FUNCTION = YES;
				GCC_WARN_UNUSED_VARIABLE = YES;
				IPHONEOS_DEPLOYMENT_TARGET = 11.3;
				MTL_ENABLE_DEBUG_INFO = NO;
				SDKROOT = iphoneos;
				VALIDATE_PRODUCT = YES;
			};
			name = Release;
		};
		8D961B5220F3455E002B07C8 /* Debug */ = {
			isa = XCBuildConfiguration;
			baseConfigurationReference = EFBF50E86D899E06ADD5D859 /* Pods-GPUImage.debug.xcconfig */;
			buildSettings = {
				ASSETCATALOG_COMPILER_APPICON_NAME = AppIcon;
				CODE_SIGN_STYLE = Automatic;
				DEVELOPMENT_TEAM = CT357TP6P6;
				INFOPLIST_FILE = GPUImage/Info.plist;
				IPHONEOS_DEPLOYMENT_TARGET = 9.3;
				LD_RUNPATH_SEARCH_PATHS = (
					"$(inherited)",
					"@executable_path/Frameworks",
				);
				PRODUCT_BUNDLE_IDENTIFIER = sunxb.GPUImage;
				PRODUCT_NAME = "$(TARGET_NAME)";
				TARGETED_DEVICE_FAMILY = "1,2";
			};
			name = Debug;
		};
		8D961B5320F3455E002B07C8 /* Release */ = {
			isa = XCBuildConfiguration;
			baseConfigurationReference = 38413F5EE880E323344F6D77 /* Pods-GPUImage.release.xcconfig */;
			buildSettings = {
				ASSETCATALOG_COMPILER_APPICON_NAME = AppIcon;
				CODE_SIGN_STYLE = Automatic;
				DEVELOPMENT_TEAM = CT357TP6P6;
				INFOPLIST_FILE = GPUImage/Info.plist;
				IPHONEOS_DEPLOYMENT_TARGET = 9.3;
				LD_RUNPATH_SEARCH_PATHS = (
					"$(inherited)",
					"@executable_path/Frameworks",
				);
				PRODUCT_BUNDLE_IDENTIFIER = sunxb.GPUImage;
				PRODUCT_NAME = "$(TARGET_NAME)";
				TARGETED_DEVICE_FAMILY = "1,2";
			};
			name = Release;
		};
		8D961B5520F3455E002B07C8 /* Debug */ = {
			isa = XCBuildConfiguration;
			baseConfigurationReference = 334C751CEF5DF8FA9D9E0550 /* Pods-GPUImageTests.debug.xcconfig */;
			buildSettings = {
				BUNDLE_LOADER = "$(TEST_HOST)";
				CODE_SIGN_STYLE = Automatic;
				DEVELOPMENT_TEAM = CT357TP6P6;
				INFOPLIST_FILE = GPUImageTests/Info.plist;
				LD_RUNPATH_SEARCH_PATHS = (
					"$(inherited)",
					"@executable_path/Frameworks",
					"@loader_path/Frameworks",
				);
				PRODUCT_BUNDLE_IDENTIFIER = sunxb.GPUImageTests;
				PRODUCT_NAME = "$(TARGET_NAME)";
				TARGETED_DEVICE_FAMILY = "1,2";
				TEST_HOST = "$(BUILT_PRODUCTS_DIR)/GPUImage.app/GPUImage";
			};
			name = Debug;
		};
		8D961B5620F3455E002B07C8 /* Release */ = {
			isa = XCBuildConfiguration;
			baseConfigurationReference = 6B39E552640A9BCB3B84A172 /* Pods-GPUImageTests.release.xcconfig */;
			buildSettings = {
				BUNDLE_LOADER = "$(TEST_HOST)";
				CODE_SIGN_STYLE = Automatic;
				DEVELOPMENT_TEAM = CT357TP6P6;
				INFOPLIST_FILE = GPUImageTests/Info.plist;
				LD_RUNPATH_SEARCH_PATHS = (
					"$(inherited)",
					"@executable_path/Frameworks",
					"@loader_path/Frameworks",
				);
				PRODUCT_BUNDLE_IDENTIFIER = sunxb.GPUImageTests;
				PRODUCT_NAME = "$(TARGET_NAME)";
				TARGETED_DEVICE_FAMILY = "1,2";
				TEST_HOST = "$(BUILT_PRODUCTS_DIR)/GPUImage.app/GPUImage";
			};
			name = Release;
		};
		8D961B5820F3455E002B07C8 /* Debug */ = {
			isa = XCBuildConfiguration;
			baseConfigurationReference = 6FDB8892BD24D40A9AB57E6E /* Pods-GPUImageUITests.debug.xcconfig */;
			buildSettings = {
				CODE_SIGN_STYLE = Automatic;
				DEVELOPMENT_TEAM = CT357TP6P6;
				INFOPLIST_FILE = GPUImageUITests/Info.plist;
				LD_RUNPATH_SEARCH_PATHS = (
					"$(inherited)",
					"@executable_path/Frameworks",
					"@loader_path/Frameworks",
				);
				PRODUCT_BUNDLE_IDENTIFIER = sunxb.GPUImageUITests;
				PRODUCT_NAME = "$(TARGET_NAME)";
				TARGETED_DEVICE_FAMILY = "1,2";
				TEST_TARGET_NAME = GPUImage;
			};
			name = Debug;
		};
		8D961B5920F3455E002B07C8 /* Release */ = {
			isa = XCBuildConfiguration;
			baseConfigurationReference = 2909079C8C2AC1FEF4A745C8 /* Pods-GPUImageUITests.release.xcconfig */;
			buildSettings = {
				CODE_SIGN_STYLE = Automatic;
				DEVELOPMENT_TEAM = CT357TP6P6;
				INFOPLIST_FILE = GPUImageUITests/Info.plist;
				LD_RUNPATH_SEARCH_PATHS = (
					"$(inherited)",
					"@executable_path/Frameworks",
					"@loader_path/Frameworks",
				);
				PRODUCT_BUNDLE_IDENTIFIER = sunxb.GPUImageUITests;
				PRODUCT_NAME = "$(TARGET_NAME)";
				TARGETED_DEVICE_FAMILY = "1,2";
				TEST_TARGET_NAME = GPUImage;
			};
			name = Release;
		};
/* End XCBuildConfiguration section */

/* Begin XCConfigurationList section */
		8D961B2020F3455C002B07C8 /* Build configuration list for PBXProject "GPUImage" */ = {
			isa = XCConfigurationList;
			buildConfigurations = (
				8D961B4F20F3455E002B07C8 /* Debug */,
				8D961B5020F3455E002B07C8 /* Release */,
			);
			defaultConfigurationIsVisible = 0;
			defaultConfigurationName = Release;
		};
		8D961B5120F3455E002B07C8 /* Build configuration list for PBXNativeTarget "GPUImage" */ = {
			isa = XCConfigurationList;
			buildConfigurations = (
				8D961B5220F3455E002B07C8 /* Debug */,
				8D961B5320F3455E002B07C8 /* Release */,
			);
			defaultConfigurationIsVisible = 0;
			defaultConfigurationName = Release;
		};
		8D961B5420F3455E002B07C8 /* Build configuration list for PBXNativeTarget "GPUImageTests" */ = {
			isa = XCConfigurationList;
			buildConfigurations = (
				8D961B5520F3455E002B07C8 /* Debug */,
				8D961B5620F3455E002B07C8 /* Release */,
			);
			defaultConfigurationIsVisible = 0;
			defaultConfigurationName = Release;
		};
		8D961B5720F3455E002B07C8 /* Build configuration list for PBXNativeTarget "GPUImageUITests" */ = {
			isa = XCConfigurationList;
			buildConfigurations = (
				8D961B5820F3455E002B07C8 /* Debug */,
				8D961B5920F3455E002B07C8 /* Release */,
			);
			defaultConfigurationIsVisible = 0;
			defaultConfigurationName = Release;
		};
/* End XCConfigurationList section */
	};
	rootObject = 8D961B1D20F3455C002B07C8 /* Project object */;
}
